// !$*UTF8*$!
{
	archiveVersion = 1;
	classes = {
	};
	objectVersion = 55;
	objects = {

/* Begin PBXBuildFile section */
		122EFC7A27CC2673005F1918 /* ListController.swift in Sources */ = {isa = PBXBuildFile; fileRef = 122EFC7927CC2673005F1918 /* ListController.swift */; };
		122EFC7C27CC3B15005F1918 /* JokeController.swift in Sources */ = {isa = PBXBuildFile; fileRef = 122EFC7B27CC3B14005F1918 /* JokeController.swift */; };
		122EFC7E27CC3B29005F1918 /* JokeData.swift in Sources */ = {isa = PBXBuildFile; fileRef = 122EFC7D27CC3B29005F1918 /* JokeData.swift */; };
		122EFC8027CC3B33005F1918 /* JokeManager.swift in Sources */ = {isa = PBXBuildFile; fileRef = 122EFC7F27CC3B33005F1918 /* JokeManager.swift */; };
		12691DE027CAF6D000A7BB54 /* RandomData.swift in Sources */ = {isa = PBXBuildFile; fileRef = 12691DDF27CAF6D000A7BB54 /* RandomData.swift */; };
		12691DE527CAFAD900A7BB54 /* RandomController.swift in Sources */ = {isa = PBXBuildFile; fileRef = 12691DE427CAFAD900A7BB54 /* RandomController.swift */; };
		12691DE727CBB76400A7BB54 /* RandomManager.swift in Sources */ = {isa = PBXBuildFile; fileRef = 12691DE627CBB76400A7BB54 /* RandomManager.swift */; };
		12691DEF27CBE33100A7BB54 /* WineDetailController.swift in Sources */ = {isa = PBXBuildFile; fileRef = 12691DEE27CBE33100A7BB54 /* WineDetailController.swift */; };
		12691DF127CBE83000A7BB54 /* WineData.swift in Sources */ = {isa = PBXBuildFile; fileRef = 12691DF027CBE83000A7BB54 /* WineData.swift */; };
		12691DF327CBE84000A7BB54 /* WineManager.swift in Sources */ = {isa = PBXBuildFile; fileRef = 12691DF227CBE84000A7BB54 /* WineManager.swift */; };
		12691DF527CBEE5100A7BB54 /* WineController.swift in Sources */ = {isa = PBXBuildFile; fileRef = 12691DF427CBEE5100A7BB54 /* WineController.swift */; };
		12E18D7F27C6255B001BA301 /* AppDelegate.swift in Sources */ = {isa = PBXBuildFile; fileRef = 12E18D7E27C6255B001BA301 /* AppDelegate.swift */; };
		12E18D8127C6255B001BA301 /* SceneDelegate.swift in Sources */ = {isa = PBXBuildFile; fileRef = 12E18D8027C6255B001BA301 /* SceneDelegate.swift */; };
		12E18D8327C6255B001BA301 /* MainController.swift in Sources */ = {isa = PBXBuildFile; fileRef = 12E18D8227C6255B001BA301 /* MainController.swift */; };
		12E18D8627C6255B001BA301 /* Main.storyboard in Resources */ = {isa = PBXBuildFile; fileRef = 12E18D8427C6255B001BA301 /* Main.storyboard */; };
		12E18D8827C6255C001BA301 /* Assets.xcassets in Resources */ = {isa = PBXBuildFile; fileRef = 12E18D8727C6255C001BA301 /* Assets.xcassets */; };
		12E18D8B27C6255C001BA301 /* LaunchScreen.storyboard in Resources */ = {isa = PBXBuildFile; fileRef = 12E18D8927C6255C001BA301 /* LaunchScreen.storyboard */; };
/* End PBXBuildFile section */

/* Begin PBXFileReference section */
		122EFC7927CC2673005F1918 /* ListController.swift */ = {isa = PBXFileReference; lastKnownFileType = sourcecode.swift; path = ListController.swift; sourceTree = "<group>"; };
		122EFC7B27CC3B14005F1918 /* JokeController.swift */ = {isa = PBXFileReference; lastKnownFileType = sourcecode.swift; path = JokeController.swift; sourceTree = "<group>"; };
		122EFC7D27CC3B29005F1918 /* JokeData.swift */ = {isa = PBXFileReference; lastKnownFileType = sourcecode.swift; path = JokeData.swift; sourceTree = "<group>"; };
		122EFC7F27CC3B33005F1918 /* JokeManager.swift */ = {isa = PBXFileReference; lastKnownFileType = sourcecode.swift; path = JokeManager.swift; sourceTree = "<group>"; };
		12691DDF27CAF6D000A7BB54 /* RandomData.swift */ = {isa = PBXFileReference; lastKnownFileType = sourcecode.swift; path = RandomData.swift; sourceTree = "<group>"; };
		12691DE427CAFAD900A7BB54 /* RandomController.swift */ = {isa = PBXFileReference; lastKnownFileType = sourcecode.swift; path = RandomController.swift; sourceTree = "<group>"; };
		12691DE627CBB76400A7BB54 /* RandomManager.swift */ = {isa = PBXFileReference; lastKnownFileType = sourcecode.swift; path = RandomManager.swift; sourceTree = "<group>"; };
		12691DEE27CBE33100A7BB54 /* WineDetailController.swift */ = {isa = PBXFileReference; lastKnownFileType = sourcecode.swift; path = WineDetailController.swift; sourceTree = "<group>"; };
		12691DF027CBE83000A7BB54 /* WineData.swift */ = {isa = PBXFileReference; lastKnownFileType = sourcecode.swift; path = WineData.swift; sourceTree = "<group>"; };
		12691DF227CBE84000A7BB54 /* WineManager.swift */ = {isa = PBXFileReference; lastKnownFileType = sourcecode.swift; path = WineManager.swift; sourceTree = "<group>"; };
		12691DF427CBEE5100A7BB54 /* WineController.swift */ = {isa = PBXFileReference; lastKnownFileType = sourcecode.swift; path = WineController.swift; sourceTree = "<group>"; };
		12E18D7B27C6255B001BA301 /* HGE.app */ = {isa = PBXFileReference; explicitFileType = wrapper.application; includeInIndex = 0; path = HGE.app; sourceTree = BUILT_PRODUCTS_DIR; };
		12E18D7E27C6255B001BA301 /* AppDelegate.swift */ = {isa = PBXFileReference; lastKnownFileType = sourcecode.swift; path = AppDelegate.swift; sourceTree = "<group>"; };
		12E18D8027C6255B001BA301 /* SceneDelegate.swift */ = {isa = PBXFileReference; lastKnownFileType = sourcecode.swift; path = SceneDelegate.swift; sourceTree = "<group>"; };
		12E18D8227C6255B001BA301 /* MainController.swift */ = {isa = PBXFileReference; lastKnownFileType = sourcecode.swift; path = MainController.swift; sourceTree = "<group>"; };
		12E18D8527C6255B001BA301 /* Base */ = {isa = PBXFileReference; lastKnownFileType = file.storyboard; name = Base; path = Base.lproj/Main.storyboard; sourceTree = "<group>"; };
		12E18D8727C6255C001BA301 /* Assets.xcassets */ = {isa = PBXFileReference; lastKnownFileType = folder.assetcatalog; path = Assets.xcassets; sourceTree = "<group>"; };
		12E18D8A27C6255C001BA301 /* Base */ = {isa = PBXFileReference; lastKnownFileType = file.storyboard; name = Base; path = Base.lproj/LaunchScreen.storyboard; sourceTree = "<group>"; };
		12E18D8C27C6255C001BA301 /* Info.plist */ = {isa = PBXFileReference; lastKnownFileType = text.plist.xml; name = Info.plist; path = "/Users/sabi/Downloads/2 trimester/IOS/TWM/TWM/Info.plist"; sourceTree = "<absolute>"; };
/* End PBXFileReference section */

/* Begin PBXFrameworksBuildPhase section */
		12E18D7827C6255B001BA301 /* Frameworks */ = {
			isa = PBXFrameworksBuildPhase;
			buildActionMask = 2147483647;
			files = (
			);
			runOnlyForDeploymentPostprocessing = 0;
		};
/* End PBXFrameworksBuildPhase section */

/* Begin PBXGroup section */
		12E18D7227C6255A001BA301 = {
			isa = PBXGroup;
			children = (
				12E18D7D27C6255B001BA301 /* TWM */,
				12E18D7C27C6255B001BA301 /* Products */,
			);
			sourceTree = "<group>";
		};
		12E18D7C27C6255B001BA301 /* Products */ = {
			isa = PBXGroup;
			children = (
				12E18D7B27C6255B001BA301 /* HGE.app */,
			);
			name = Products;
			sourceTree = "<group>";
		};
		12E18D7D27C6255B001BA301 /* TWM */ = {
			isa = PBXGroup;
			children = (
				12E18D9427C6339E001BA301 /* View */,
				12E18D9327C63393001BA301 /* Controller */,
				12E18D9227C6338B001BA301 /* Model */,
				12E18D7E27C6255B001BA301 /* AppDelegate.swift */,
				12E18D8027C6255B001BA301 /* SceneDelegate.swift */,
				12E18D8727C6255C001BA301 /* Assets.xcassets */,
				12E18D8927C6255C001BA301 /* LaunchScreen.storyboard */,
				12E18D8C27C6255C001BA301 /* Info.plist */,
			);
			path = TWM;
			sourceTree = "<group>";
		};
		12E18D9227C6338B001BA301 /* Model */ = {
			isa = PBXGroup;
			children = (
				12691DDF27CAF6D000A7BB54 /* RandomData.swift */,
				12691DE627CBB76400A7BB54 /* RandomManager.swift */,
				12691DF027CBE83000A7BB54 /* WineData.swift */,
				12691DF227CBE84000A7BB54 /* WineManager.swift */,
				122EFC7D27CC3B29005F1918 /* JokeData.swift */,
				122EFC7F27CC3B33005F1918 /* JokeManager.swift */,
			);
			path = Model;
			sourceTree = "<group>";
		};
		12E18D9327C63393001BA301 /* Controller */ = {
			isa = PBXGroup;
			children = (
				12E18D8227C6255B001BA301 /* MainController.swift */,
				12691DE427CAFAD900A7BB54 /* RandomController.swift */,
				12691DEE27CBE33100A7BB54 /* WineDetailController.swift */,
				12691DF427CBEE5100A7BB54 /* WineController.swift */,
				122EFC7927CC2673005F1918 /* ListController.swift */,
				122EFC7B27CC3B14005F1918 /* JokeController.swift */,
			);
			path = Controller;
			sourceTree = "<group>";
		};
		12E18D9427C6339E001BA301 /* View */ = {
			isa = PBXGroup;
			children = (
				12E18D8427C6255B001BA301 /* Main.storyboard */,
			);
			path = View;
			sourceTree = "<group>";
		};
/* End PBXGroup section */

/* Begin PBXNativeTarget section */
		12E18D7A27C6255B001BA301 /* HGE */ = {
			isa = PBXNativeTarget;
			buildConfigurationList = 12E18D8F27C6255C001BA301 /* Build configuration list for PBXNativeTarget "HGE" */;
			buildPhases = (
				12E18D7727C6255B001BA301 /* Sources */,
				12E18D7827C6255B001BA301 /* Frameworks */,
				12E18D7927C6255B001BA301 /* Resources */,
			);
			buildRules = (
			);
			dependencies = (
			);
			name = HGE;
			productName = TWM;
			productReference = 12E18D7B27C6255B001BA301 /* HGE.app */;
			productType = "com.apple.product-type.application";
		};
/* End PBXNativeTarget section */

/* Begin PBXProject section */
		12E18D7327C6255B001BA301 /* Project object */ = {
			isa = PBXProject;
			attributes = {
				BuildIndependentTargetsInParallel = 1;
				LastSwiftUpdateCheck = 1320;
				LastUpgradeCheck = 1320;
				TargetAttributes = {
					12E18D7A27C6255B001BA301 = {
						CreatedOnToolsVersion = 13.2.1;
					};
				};
			};
			buildConfigurationList = 12E18D7627C6255B001BA301 /* Build configuration list for PBXProject "HGE" */;
			compatibilityVersion = "Xcode 13.0";
			developmentRegion = en;
			hasScannedForEncodings = 0;
			knownRegions = (
				en,
				Base,
			);
			mainGroup = 12E18D7227C6255A001BA301;
			productRefGroup = 12E18D7C27C6255B001BA301 /* Products */;
			projectDirPath = "";
			projectRoot = "";
			targets = (
				12E18D7A27C6255B001BA301 /* HGE */,
			);
		};
/* End PBXProject section */

/* Begin PBXResourcesBuildPhase section */
		12E18D7927C6255B001BA301 /* Resources */ = {
			isa = PBXResourcesBuildPhase;
			buildActionMask = 2147483647;
			files = (
				12E18D8B27C6255C001BA301 /* LaunchScreen.storyboard in Resources */,
				12E18D8827C6255C001BA301 /* Assets.xcassets in Resources */,
				12E18D8627C6255B001BA301 /* Main.storyboard in Resources */,
			);
			runOnlyForDeploymentPostprocessing = 0;
		};
/* End PBXResourcesBuildPhase section */

/* Begin PBXSourcesBuildPhase section */
		12E18D7727C6255B001BA301 /* Sources */ = {
			isa = PBXSourcesBuildPhase;
			buildActionMask = 2147483647;
			files = (
				12691DE527CAFAD900A7BB54 /* RandomController.swift in Sources */,
				12E18D8327C6255B001BA301 /* MainController.swift in Sources */,
				12691DF327CBE84000A7BB54 /* WineManager.swift in Sources */,
				12691DE027CAF6D000A7BB54 /* RandomData.swift in Sources */,
				122EFC7C27CC3B15005F1918 /* JokeController.swift in Sources */,
				12691DF527CBEE5100A7BB54 /* WineController.swift in Sources */,
				122EFC8027CC3B33005F1918 /* JokeManager.swift in Sources */,
				12691DE727CBB76400A7BB54 /* RandomManager.swift in Sources */,
				122EFC7E27CC3B29005F1918 /* JokeData.swift in Sources */,
				12691DF127CBE83000A7BB54 /* WineData.swift in Sources */,
				12E18D7F27C6255B001BA301 /* AppDelegate.swift in Sources */,
				12E18D8127C6255B001BA301 /* SceneDelegate.swift in Sources */,
				122EFC7A27CC2673005F1918 /* ListController.swift in Sources */,
				12691DEF27CBE33100A7BB54 /* WineDetailController.swift in Sources */,
			);
			runOnlyForDeploymentPostprocessing = 0;
		};
/* End PBXSourcesBuildPhase section */

/* Begin PBXVariantGroup section */
		12E18D8427C6255B001BA301 /* Main.storyboard */ = {
			isa = PBXVariantGroup;
			children = (
				12E18D8527C6255B001BA301 /* Base */,
			);
			name = Main.storyboard;
			sourceTree = "<group>";
		};
		12E18D8927C6255C001BA301 /* LaunchScreen.storyboard */ = {
			isa = PBXVariantGroup;
			children = (
				12E18D8A27C6255C001BA301 /* Base */,
			);
			name = LaunchScreen.storyboard;
			sourceTree = "<group>";
		};
/* End PBXVariantGroup section */

/* Begin XCBuildConfiguration section */
		12E18D8D27C6255C001BA301 /* Debug */ = {
			isa = XCBuildConfiguration;
			buildSettings = {
				ALWAYS_SEARCH_USER_PATHS = NO;
				CLANG_ANALYZER_NONNULL = YES;
				CLANG_ANALYZER_NUMBER_OBJECT_CONVERSION = YES_AGGRESSIVE;
				CLANG_CXX_LANGUAGE_STANDARD = "gnu++17";
				CLANG_CXX_LIBRARY = "libc++";
				CLANG_ENABLE_MODULES = YES;
				CLANG_ENABLE_OBJC_ARC = YES;
				CLANG_ENABLE_OBJC_WEAK = YES;
				CLANG_WARN_BLOCK_CAPTURE_AUTORELEASING = YES;
				CLANG_WARN_BOOL_CONVERSION = YES;
				CLANG_WARN_COMMA = YES;
				CLANG_WARN_CONSTANT_CONVERSION = YES;
				CLANG_WARN_DEPRECATED_OBJC_IMPLEMENTATIONS = YES;
				CLANG_WARN_DIRECT_OBJC_ISA_USAGE = YES_ERROR;
				CLANG_WARN_DOCUMENTATION_COMMENTS = YES;
				CLANG_WARN_EMPTY_BODY = YES;
				CLANG_WARN_ENUM_CONVERSION = YES;
				CLANG_WARN_INFINITE_RECURSION = YES;
				CLANG_WARN_INT_CONVERSION = YES;
				CLANG_WARN_NON_LITERAL_NULL_CONVERSION = YES;
				CLANG_WARN_OBJC_IMPLICIT_RETAIN_SELF = YES;
				CLANG_WARN_OBJC_LITERAL_CONVERSION = YES;
				CLANG_WARN_OBJC_ROOT_CLASS = YES_ERROR;
				CLANG_WARN_QUOTED_INCLUDE_IN_FRAMEWORK_HEADER = YES;
				CLANG_WARN_RANGE_LOOP_ANALYSIS = YES;
				CLANG_WARN_STRICT_PROTOTYPES = YES;
				CLANG_WARN_SUSPICIOUS_MOVE = YES;
				CLANG_WARN_UNGUARDED_AVAILABILITY = YES_AGGRESSIVE;
				CLANG_WARN_UNREACHABLE_CODE = YES;
				CLANG_WARN__DUPLICATE_METHOD_MATCH = YES;
				COPY_PHASE_STRIP = NO;
				DEBUG_INFORMATION_FORMAT = dwarf;
				ENABLE_STRICT_OBJC_MSGSEND = YES;
				ENABLE_TESTABILITY = YES;
				GCC_C_LANGUAGE_STANDARD = gnu11;
				GCC_DYNAMIC_NO_PIC = NO;
				GCC_NO_COMMON_BLOCKS = YES;
				GCC_OPTIMIZATION_LEVEL = 0;
				GCC_PREPROCESSOR_DEFINITIONS = (
					"DEBUG=1",
					"$(inherited)",
				);
				GCC_WARN_64_TO_32_BIT_CONVERSION = YES;
				GCC_WARN_ABOUT_RETURN_TYPE = YES_ERROR;
				GCC_WARN_UNDECLARED_SELECTOR = YES;
				GCC_WARN_UNINITIALIZED_AUTOS = YES_AGGRESSIVE;
				GCC_WARN_UNUSED_FUNCTION = YES;
				GCC_WARN_UNUSED_VARIABLE = YES;
				IPHONEOS_DEPLOYMENT_TARGET = 15.2;
				MTL_ENABLE_DEBUG_INFO = INCLUDE_SOURCE;
				MTL_FAST_MATH = YES;
				ONLY_ACTIVE_ARCH = YES;
				SDKROOT = iphoneos;
				SWIFT_ACTIVE_COMPILATION_CONDITIONS = DEBUG;
				SWIFT_OPTIMIZATION_LEVEL = "-Onone";
			};
			name = Debug;
		};
		12E18D8E27C6255C001BA301 /* Release */ = {
			isa = XCBuildConfiguration;
			buildSettings = {
				ALWAYS_SEARCH_USER_PATHS = NO;
				CLANG_ANALYZER_NONNULL = YES;
				CLANG_ANALYZER_NUMBER_OBJECT_CONVERSION = YES_AGGRESSIVE;
				CLANG_CXX_LANGUAGE_STANDARD = "gnu++17";
				CLANG_CXX_LIBRARY = "libc++";
				CLANG_ENABLE_MODULES = YES;
				CLANG_ENABLE_OBJC_ARC = YES;
				CLANG_ENABLE_OBJC_WEAK = YES;
				CLANG_WARN_BLOCK_CAPTURE_AUTORELEASING = YES;
				CLANG_WARN_BOOL_CONVERSION = YES;
				CLANG_WARN_COMMA = YES;
				CLANG_WARN_CONSTANT_CONVERSION = YES;
				CLANG_WARN_DEPRECATED_OBJC_IMPLEMENTATIONS = YES;
				CLANG_WARN_DIRECT_OBJC_ISA_USAGE = YES_ERROR;
				CLANG_WARN_DOCUMENTATION_COMMENTS = YES;
				CLANG_WARN_EMPTY_BODY = YES;
				CLANG_WARN_ENUM_CONVERSION = YES;
				CLANG_WARN_INFINITE_RECURSION = YES;
				CLANG_WARN_INT_CONVERSION = YES;
				CLANG_WARN_NON_LITERAL_NULL_CONVERSION = YES;
				CLANG_WARN_OBJC_IMPLICIT_RETAIN_SELF = YES;
				CLANG_WARN_OBJC_LITERAL_CONVERSION = YES;
				CLANG_WARN_OBJC_ROOT_CLASS = YES_ERROR;
				CLANG_WARN_QUOTED_INCLUDE_IN_FRAMEWORK_HEADER = YES;
				CLANG_WARN_RANGE_LOOP_ANALYSIS = YES;
				CLANG_WARN_STRICT_PROTOTYPES = YES;
				CLANG_WARN_SUSPICIOUS_MOVE = YES;
				CLANG_WARN_UNGUARDED_AVAILABILITY = YES_AGGRESSIVE;
				CLANG_WARN_UNREACHABLE_CODE = YES;
				CLANG_WARN__DUPLICATE_METHOD_MATCH = YES;
				COPY_PHASE_STRIP = NO;
				DEBUG_INFORMATION_FORMAT = "dwarf-with-dsym";
				ENABLE_NS_ASSERTIONS = NO;
				ENABLE_STRICT_OBJC_MSGSEND = YES;
				GCC_C_LANGUAGE_STANDARD = gnu11;
				GCC_NO_COMMON_BLOCKS = YES;
				GCC_WARN_64_TO_32_BIT_CONVERSION = YES;
				GCC_WARN_ABOUT_RETURN_TYPE = YES_ERROR;
				GCC_WARN_UNDECLARED_SELECTOR = YES;
				GCC_WARN_UNINITIALIZED_AUTOS = YES_AGGRESSIVE;
				GCC_WARN_UNUSED_FUNCTION = YES;
				GCC_WARN_UNUSED_VARIABLE = YES;
				IPHONEOS_DEPLOYMENT_TARGET = 15.2;
				MTL_ENABLE_DEBUG_INFO = NO;
				MTL_FAST_MATH = YES;
				SDKROOT = iphoneos;
				SWIFT_COMPILATION_MODE = wholemodule;
				SWIFT_OPTIMIZATION_LEVEL = "-O";
				VALIDATE_PRODUCT = YES;
			};
			name = Release;
		};
		12E18D9027C6255C001BA301 /* Debug */ = {
			isa = XCBuildConfiguration;
			buildSettings = {
				ASSETCATALOG_COMPILER_APPICON_NAME = AppIcon;
				ASSETCATALOG_COMPILER_GLOBAL_ACCENT_COLOR_NAME = AccentColor;
				CODE_SIGN_STYLE = Automatic;
				CURRENT_PROJECT_VERSION = 1;
				DEVELOPMENT_TEAM = X7NBK5T26G;
				GENERATE_INFOPLIST_FILE = YES;
				INFOPLIST_FILE = TWM/Info.plist;
				INFOPLIST_KEY_CFBundleDisplayName = HGE;
				INFOPLIST_KEY_UIApplicationSupportsIndirectInputEvents = YES;
				INFOPLIST_KEY_UILaunchStoryboardName = LaunchScreen;
				INFOPLIST_KEY_UIMainStoryboardFile = Main;
				INFOPLIST_KEY_UISupportedInterfaceOrientations_iPad = "UIInterfaceOrientationPortrait UIInterfaceOrientationPortraitUpsideDown UIInterfaceOrientationLandscapeLeft UIInterfaceOrientationLandscapeRight";
				INFOPLIST_KEY_UISupportedInterfaceOrientations_iPhone = "UIInterfaceOrientationPortrait UIInterfaceOrientationLandscapeLeft UIInterfaceOrientationLandscapeRight";
				LD_RUNPATH_SEARCH_PATHS = (
					"$(inherited)",
					"@executable_path/Frameworks",
				);
				MARKETING_VERSION = 1.0;
				PRODUCT_BUNDLE_IDENTIFIER = sabi.HGE;
				PRODUCT_NAME = "$(TARGET_NAME)";
				SWIFT_EMIT_LOC_STRINGS = YES;
				SWIFT_VERSION = 5.0;
				TARGETED_DEVICE_FAMILY = "1,2";
			};
			name = Debug;
		};
		12E18D9127C6255C001BA301 /* Release */ = {
			isa = XCBuildConfiguration;
			buildSettings = {
				ASSETCATALOG_COMPILER_APPICON_NAME = AppIcon;
				ASSETCATALOG_COMPILER_GLOBAL_ACCENT_COLOR_NAME = AccentColor;
				CODE_SIGN_STYLE = Automatic;
				CURRENT_PROJECT_VERSION = 1;
				DEVELOPMENT_TEAM = X7NBK5T26G;
				GENERATE_INFOPLIST_FILE = YES;
				INFOPLIST_FILE = TWM/Info.plist;
				INFOPLIST_KEY_CFBundleDisplayName = HGE;
				INFOPLIST_KEY_UIApplicationSupportsIndirectInputEvents = YES;
				INFOPLIST_KEY_UILaunchStoryboardName = LaunchScreen;
				INFOPLIST_KEY_UIMainStoryboardFile = Main;
				INFOPLIST_KEY_UISupportedInterfaceOrientations_iPad = "UIInterfaceOrientationPortrait UIInterfaceOrientationPortraitUpsideDown UIInterfaceOrientationLandscapeLeft UIInterfaceOrientationLandscapeRight";
				INFOPLIST_KEY_UISupportedInterfaceOrientations_iPhone = "UIInterfaceOrientationPortrait UIInterfaceOrientationLandscapeLeft UIInterfaceOrientationLandscapeRight";
				LD_RUNPATH_SEARCH_PATHS = (
					"$(inherited)",
					"@executable_path/Frameworks",
				);
				MARKETING_VERSION = 1.0;
				PRODUCT_BUNDLE_IDENTIFIER = sabi.HGE;
				PRODUCT_NAME = "$(TARGET_NAME)";
				SWIFT_EMIT_LOC_STRINGS = YES;
				SWIFT_VERSION = 5.0;
				TARGETED_DEVICE_FAMILY = "1,2";
			};
			name = Release;
		};
/* End XCBuildConfiguration section */

/* Begin XCConfigurationList section */
		12E18D7627C6255B001BA301 /* Build configuration list for PBXProject "HGE" */ = {
			isa = XCConfigurationList;
			buildConfigurations = (
				12E18D8D27C6255C001BA301 /* Debug */,
				12E18D8E27C6255C001BA301 /* Release */,
			);
			defaultConfigurationIsVisible = 0;
			defaultConfigurationName = Release;
		};
		12E18D8F27C6255C001BA301 /* Build configuration list for PBXNativeTarget "HGE" */ = {
			isa = XCConfigurationList;
			buildConfigurations = (
				12E18D9027C6255C001BA301 /* Debug */,
				12E18D9127C6255C001BA301 /* Release */,
			);
			defaultConfigurationIsVisible = 0;
			defaultConfigurationName = Release;
		};
/* End XCConfigurationList section */
	};
	rootObject = 12E18D7327C6255B001BA301 /* Project object */;
}
